Microsoft Visual Studio Solution File, Format Version 12.00
# Visual Studio Version 17
VisualStudioVersion = 17.5.2.0
MinimumVisualStudioVersion = 10.0.40219.1
Project("{FAE04EC0-301F-11D3-BF4B-00C04F79EFBC}") = "MyRPG", "MyRPG.csproj", "{EFD0420F-2DAB-7773-399F-D7FBD8ACEFBE}"
EndProject
Global
	GlobalSection(SolutionConfigurationPlatforms) = preSolution
		Debug|Any CPU = Debug|Any CPU
		Release|Any CPU = Release|Any CPU
	EndGlobalSection
	GlobalSection(ProjectConfigurationPlatforms) = postSolution
		{EFD0420F-2DAB-7773-399F-D7FBD8ACEFBE}.Debug|Any CPU.ActiveCfg = Debug|Any CPU
		{EFD0420F-2DAB-7773-399F-D7FBD8ACEFBE}.Debug|Any CPU.Build.0 = Debug|Any CPU
		{EFD0420F-2DAB-7773-399F-D7FBD8ACEFBE}.Release|Any CPU.ActiveCfg = Release|Any CPU
		{EFD0420F-2DAB-7773-399F-D7FBD8ACEFBE}.Release|Any CPU.Build.0 = Release|Any CPU
	EndGlobalSection
	GlobalSection(SolutionProperties) = preSolution
		HideSolutionNode = FALSE
	EndGlobalSection
	GlobalSection(ExtensibilityGlobals) = postSolution
		SolutionGuid = {15242CDE-4A4E-44C8-8E73-A8BCAF193764}
	EndGlobalSection
EndGlobal
